--- 
:inherent: 
- :version: 
  - 0
  - 8
  - 7
  :name: rake
  :platform: ruby
- :version: 
  - 0
  - 3
  - 1
  :name: columnize
  :platform: ruby
- :version: 
  - 0
  - 43
  :name: linecache
  :platform: ruby
- :version: 
  - 1
  - 3
  - 0
  :name: rspec
  :platform: ruby
- :version: 
  - 0
  - 10
  - 3
  :name: ruby-debug-base
  :platform: ruby
- :version: 
  - 0
  - 10
  - 3
  :name: ruby-debug
  :platform: ruby
- :version: 
  - 0
  - 0
  - 1
  :name: sources
  :platform: ruby
:base: 
- :version: &id001 
    - 1
    - 5
    - 145
    - 2
  :name: bouncy-castle-java
  :gem_version: !ruby/object:Gem::Version 
    hash: 75
    prerelease: false
    segments: *id001
    version: 1.5.0145.2
  :source: http://rubygems.org/
  :platform: ruby
- :version: &id002 
    - 0
    - 7
    - 1
  :name: jruby-openssl
  :gem_version: !ruby/object:Gem::Version 
    hash: 6
    prerelease: false
    segments: *id002
    version: 0.7.1
  :source: http://rubygems.org/
  :platform: ruby
- :version: &id003 
    - 1
    - 0
    - 3
  :name: bundler
  :gem_version: !ruby/object:Gem::Version 
    hash: 3
    prerelease: false
    segments: *id003
    version: 1.0.3
  :source: http://rubygems.org/
  :platform: ruby
- :version: &id004 
    - 0
    - 9
    - 7
  :name: activerecord-jdbc-adapter
  :gem_version: !ruby/object:Gem::Version 
    hash: 11
    prerelease: false
    segments: *id004
    version: 0.9.7
  :source: http://rubygems.org/
  :platform: java
- :version: &id005 
    - 5
    - 0
    - 4
  :name: jdbc-mysql
  :gem_version: !ruby/object:Gem::Version 
    hash: 6
    prerelease: false
    segments: *id005
    version: 5.0.4
  :source: http://rubygems.org/
  :platform: ruby
- :version: &id006 
    - 0
    - 9
    - 7
  :name: activerecord-jdbcmysql-adapter
  :gem_version: !ruby/object:Gem::Version 
    hash: 11
    prerelease: false
    segments: *id006
    version: 0.9.7
  :source: http://rubygems.org/
  :platform: java
- :version: &id007 
    - 8
    - 4
    - 701
  :name: jdbc-postgres
  :gem_version: !ruby/object:Gem::Version 
    hash: 475
    prerelease: false
    segments: *id007
    version: 8.4.701
  :source: http://rubygems.org/
  :platform: java
- :version: &id008 
    - 0
    - 9
    - 7
  :name: activerecord-jdbcpostgresql-adapter
  :gem_version: !ruby/object:Gem::Version 
    hash: 11
    prerelease: false
    segments: *id008
    version: 0.9.7
  :source: http://rubygems.org/
  :platform: java
- :version: &id009 
    - 3
    - 6
    - 3
    - 54
  :name: jdbc-sqlite3
  :gem_version: !ruby/object:Gem::Version 
    hash: 32
    prerelease: false
    segments: *id009
    version: 3.6.3.054
  :source: http://rubygems.org/
  :platform: ruby
- :version: &id010 
    - 0
    - 9
    - 7
  :name: activerecord-jdbcsqlite3-adapter
  :gem_version: !ruby/object:Gem::Version 
    hash: 11
    prerelease: false
    segments: *id010
    version: 0.9.7
  :source: http://rubygems.org/
  :platform: java
- :version: &id011 
    - 0
    - 8
    - 7
  :name: rake
  :gem_version: !ruby/object:Gem::Version 
    hash: 10
    prerelease: false
    segments: *id011
    version: 0.8.7
  :source: http://rubygems.org/
  :platform: ruby
- :version: &id012 
    - 2
    - 3
    - 8
  :name: activesupport
  :gem_version: !ruby/object:Gem::Version 
    hash: 8
    prerelease: false
    segments: *id012
    version: 2.3.8
  :source: http://rubygems.org/
  :platform: ruby
- :version: &id013 
    - 1
    - 1
    - 0
  :name: rack
  :gem_version: !ruby/object:Gem::Version 
    hash: 2
    prerelease: false
    segments: *id013
    version: 1.1.0
  :source: http://rubygems.org/
  :platform: ruby
- :version: &id014 
    - 2
    - 3
    - 8
  :name: actionpack
  :gem_version: !ruby/object:Gem::Version 
    hash: 8
    prerelease: false
    segments: *id014
    version: 2.3.8
  :source: http://rubygems.org/
  :platform: ruby
- :version: &id015 
    - 2
    - 3
    - 8
  :name: actionmailer
  :gem_version: !ruby/object:Gem::Version 
    hash: 8
    prerelease: false
    segments: *id015
    version: 2.3.8
  :source: http://rubygems.org/
  :platform: ruby
- :version: &id016 
    - 2
    - 3
    - 8
  :name: activerecord
  :gem_version: !ruby/object:Gem::Version 
    hash: 8
    prerelease: false
    segments: *id016
    version: 2.3.8
  :source: http://rubygems.org/
  :platform: ruby
- :version: &id017 
    - 2
    - 3
    - 8
  :name: activeresource
  :gem_version: !ruby/object:Gem::Version 
    hash: 8
    prerelease: false
    segments: *id017
    version: 2.3.8
  :source: http://rubygems.org/
  :platform: ruby
- :version: &id018 
    - 2
    - 3
    - 8
  :name: rails
  :gem_version: !ruby/object:Gem::Version 
    hash: 8
    prerelease: false
    segments: *id018
    version: 2.3.8
  :source: http://rubygems.org/
  :platform: ruby
- :version: &id019 
    - 1
    - 0
    - 0
  :name: abstract
  :gem_version: !ruby/object:Gem::Version 
    hash: 1
    prerelease: false
    segments: *id019
    version: 1.0.0
  :source: http://rubygems.org/
  :platform: ruby
- :version: &id020 
    - 3
    - 0
    - 0
  :name: activesupport
  :gem_version: !ruby/object:Gem::Version 
    hash: 2
    prerelease: false
    segments: *id020
    version: 3.0.0
  :source: http://rubygems.org/
  :platform: ruby
- :version: &id021 
    - 2
    - 1
    - 2
  :name: builder
  :gem_version: !ruby/object:Gem::Version 
    hash: 3
    prerelease: false
    segments: *id021
    version: 2.1.2
  :source: http://rubygems.org/
  :platform: ruby
- :version: &id022 
    - 0
    - 4
    - 1
  :name: i18n
  :gem_version: !ruby/object:Gem::Version 
    hash: 4
    prerelease: false
    segments: *id022
    version: 0.4.1
  :source: http://rubygems.org/
  :platform: ruby
- :version: &id023 
    - 3
    - 0
    - 0
  :name: activemodel
  :gem_version: !ruby/object:Gem::Version 
    hash: 2
    prerelease: false
    segments: *id023
    version: 3.0.0
  :source: http://rubygems.org/
  :platform: ruby
- :version: &id024 
    - 2
    - 6
    - 6
  :name: erubis
  :gem_version: !ruby/object:Gem::Version 
    hash: 9
    prerelease: false
    segments: *id024
    version: 2.6.6
  :source: http://rubygems.org/
  :platform: ruby
- :version: &id025 
    - 1
    - 2
    - 1
  :name: rack
  :gem_version: !ruby/object:Gem::Version 
    hash: 3
    prerelease: false
    segments: *id025
    version: 1.2.1
  :source: http://rubygems.org/
  :platform: ruby
- :version: &id026 
    - 0
    - 6
    - 13
  :name: rack-mount
  :gem_version: !ruby/object:Gem::Version 
    hash: 13
    prerelease: false
    segments: *id026
    version: 0.6.13
  :source: http://rubygems.org/
  :platform: ruby
- :version: &id027 
    - 0
    - 5
    - 6
  :name: rack-test
  :gem_version: !ruby/object:Gem::Version 
    hash: 7
    prerelease: false
    segments: *id027
    version: 0.5.6
  :source: http://rubygems.org/
  :platform: ruby
- :version: &id028 
    - 0
    - 3
    - 23
  :name: tzinfo
  :gem_version: !ruby/object:Gem::Version 
    hash: 17
    prerelease: false
    segments: *id028
    version: 0.3.23
  :source: http://rubygems.org/
  :platform: ruby
- :version: &id029 
    - 3
    - 0
    - 0
  :name: actionpack
  :gem_version: !ruby/object:Gem::Version 
    hash: 2
    prerelease: false
    segments: *id029
    version: 3.0.0
  :source: http://rubygems.org/
  :platform: ruby
- :version: &id030 
    - 1
    - 16
  :name: mime-types
  :gem_version: !ruby/object:Gem::Version 
    hash: 17
    prerelease: false
    segments: *id030
    version: "1.16"
  :source: http://rubygems.org/
  :platform: ruby
- :version: &id031 
    - 0
    - 3
    - 1
  :name: polyglot
  :gem_version: !ruby/object:Gem::Version 
    hash: 3
    prerelease: false
    segments: *id031
    version: 0.3.1
  :source: http://rubygems.org/
  :platform: ruby
- :version: &id032 
    - 1
    - 4
    - 8
  :name: treetop
  :gem_version: !ruby/object:Gem::Version 
    hash: 9
    prerelease: false
    segments: *id032
    version: 1.4.8
  :source: http://rubygems.org/
  :platform: ruby
- :version: &id033 
    - 2
    - 2
    - 7
  :name: mail
  :gem_version: !ruby/object:Gem::Version 
    hash: 7
    prerelease: false
    segments: *id033
    version: 2.2.7
  :source: http://rubygems.org/
  :platform: ruby
- :version: &id034 
    - 3
    - 0
    - 0
  :name: actionmailer
  :gem_version: !ruby/object:Gem::Version 
    hash: 2
    prerelease: false
    segments: *id034
    version: 3.0.0
  :source: http://rubygems.org/
  :platform: ruby
- :version: &id035 
    - 1
    - 0
    - 1
  :name: arel
  :gem_version: !ruby/object:Gem::Version 
    hash: 2
    prerelease: false
    segments: *id035
    version: 1.0.1
  :source: http://rubygems.org/
  :platform: ruby
- :version: &id036 
    - 3
    - 0
    - 0
  :name: activerecord
  :gem_version: !ruby/object:Gem::Version 
    hash: 2
    prerelease: false
    segments: *id036
    version: 3.0.0
  :source: http://rubygems.org/
  :platform: ruby
- :version: &id037 
    - 3
    - 0
    - 0
  :name: activeresource
  :gem_version: !ruby/object:Gem::Version 
    hash: 2
    prerelease: false
    segments: *id037
    version: 3.0.0
  :source: http://rubygems.org/
  :platform: ruby
- :version: &id038 
    - 0
    - 14
    - 3
  :name: thor
  :gem_version: !ruby/object:Gem::Version 
    hash: 11
    prerelease: false
    segments: *id038
    version: 0.14.3
  :source: http://rubygems.org/
  :platform: ruby
- :version: &id039 
    - 3
    - 0
    - 0
  :name: railties
  :gem_version: !ruby/object:Gem::Version 
    hash: 2
    prerelease: false
    segments: *id039
    version: 3.0.0
  :source: http://rubygems.org/
  :platform: ruby
- :version: &id040 
    - 3
    - 0
    - 0
  :name: rails
  :gem_version: !ruby/object:Gem::Version 
    hash: 2
    prerelease: false
    segments: *id040
    version: 3.0.0
  :source: http://rubygems.org/
  :platform: ruby
